
Microsoft Visual Studio Solution File, Format Version 12.00
Project("{FAE04EC0-301F-11D3-BF4B-00C04F79EFBC}") = "Domain", "Domain\Domain.csproj", "{D003CB10-2537-4C0F-BCB2-58A226C6EB42}"
EndProject
Project("{FAE04EC0-301F-11D3-BF4B-00C04F79EFBC}") = "Domain.Test", "Domain.Test\Domain.Test.csproj", "{86327A7D-3D9C-4F67-B8C4-B949BB866388}"
EndProject
Project("{FAE04EC0-301F-11D3-BF4B-00C04F79EFBC}") = "Application", "Application\Application.csproj", "{15E6A034-24AC-434D-A941-5EAF11CBF500}"
EndProject
Project("{FAE04EC0-301F-11D3-BF4B-00C04F79EFBC}") = "Application.Test", "Application.Test\Application.Test.csproj", "{01F3F1F6-0B20-456E-B3F6-0A910F7C1716}"
EndProject
Project("{FAE04EC0-301F-11D3-BF4B-00C04F79EFBC}") = "Infrastructure", "Infrastructure\Infrastructure.csproj", "{CCDB672B-9AD6-471B-A9BC-98943988F02C}"
EndProject
Project("{FAE04EC0-301F-11D3-BF4B-00C04F79EFBC}") = "Infrastructure.Test", "Infrastructure.Test\Infrastructure.Test.csproj", "{4A11A4E2-A8A7-46C6-9643-A0F2F1E0C84E}"
EndProject
Global
	GlobalSection(SolutionConfigurationPlatforms) = preSolution
		Debug|Any CPU = Debug|Any CPU
		Release|Any CPU = Release|Any CPU
	EndGlobalSection
	GlobalSection(ProjectConfigurationPlatforms) = postSolution
		{D003CB10-2537-4C0F-BCB2-58A226C6EB42}.Debug|Any CPU.ActiveCfg = Debug|Any CPU
		{D003CB10-2537-4C0F-BCB2-58A226C6EB42}.Debug|Any CPU.Build.0 = Debug|Any CPU
		{D003CB10-2537-4C0F-BCB2-58A226C6EB42}.Release|Any CPU.ActiveCfg = Release|Any CPU
		{D003CB10-2537-4C0F-BCB2-58A226C6EB42}.Release|Any CPU.Build.0 = Release|Any CPU
		{86327A7D-3D9C-4F67-B8C4-B949BB866388}.Debug|Any CPU.ActiveCfg = Debug|Any CPU
		{86327A7D-3D9C-4F67-B8C4-B949BB866388}.Debug|Any CPU.Build.0 = Debug|Any CPU
		{86327A7D-3D9C-4F67-B8C4-B949BB866388}.Release|Any CPU.ActiveCfg = Release|Any CPU
		{86327A7D-3D9C-4F67-B8C4-B949BB866388}.Release|Any CPU.Build.0 = Release|Any CPU
		{15E6A034-24AC-434D-A941-5EAF11CBF500}.Debug|Any CPU.ActiveCfg = Debug|Any CPU
		{15E6A034-24AC-434D-A941-5EAF11CBF500}.Debug|Any CPU.Build.0 = Debug|Any CPU
		{15E6A034-24AC-434D-A941-5EAF11CBF500}.Release|Any CPU.ActiveCfg = Release|Any CPU
		{15E6A034-24AC-434D-A941-5EAF11CBF500}.Release|Any CPU.Build.0 = Release|Any CPU
		{CCDB672B-9AD6-471B-A9BC-98943988F02C}.Debug|Any CPU.ActiveCfg = Debug|Any CPU
		{CCDB672B-9AD6-471B-A9BC-98943988F02C}.Debug|Any CPU.Build.0 = Debug|Any CPU
		{CCDB672B-9AD6-471B-A9BC-98943988F02C}.Release|Any CPU.ActiveCfg = Release|Any CPU
		{CCDB672B-9AD6-471B-A9BC-98943988F02C}.Release|Any CPU.Build.0 = Release|Any CPU
		{4A11A4E2-A8A7-46C6-9643-A0F2F1E0C84E}.Debug|Any CPU.ActiveCfg = Debug|Any CPU
		{4A11A4E2-A8A7-46C6-9643-A0F2F1E0C84E}.Debug|Any CPU.Build.0 = Debug|Any CPU
		{4A11A4E2-A8A7-46C6-9643-A0F2F1E0C84E}.Release|Any CPU.ActiveCfg = Release|Any CPU
		{4A11A4E2-A8A7-46C6-9643-A0F2F1E0C84E}.Release|Any CPU.Build.0 = Release|Any CPU
		{01F3F1F6-0B20-456E-B3F6-0A910F7C1716}.Debug|Any CPU.ActiveCfg = Debug|Any CPU
		{01F3F1F6-0B20-456E-B3F6-0A910F7C1716}.Debug|Any CPU.Build.0 = Debug|Any CPU
		{01F3F1F6-0B20-456E-B3F6-0A910F7C1716}.Release|Any CPU.ActiveCfg = Release|Any CPU
		{01F3F1F6-0B20-456E-B3F6-0A910F7C1716}.Release|Any CPU.Build.0 = Release|Any CPU
	EndGlobalSection
EndGlobal
