
Microsoft Visual Studio Solution File, Format Version 12.00
Project("{FAE04EC0-301F-11D3-BF4B-00C04F79EFBC}") = "Domain", "Domain\Domain.csproj", "{D003CB10-2537-4C0F-BCB2-58A226C6EB42}"
EndProject
Project("{FAE04EC0-301F-11D3-BF4B-00C04F79EFBC}") = "DomainTest", "DomainTest\DomainTest.csproj", "{86327A7D-3D9C-4F67-B8C4-B949BB866388}"
EndProject
Global
	GlobalSection(SolutionConfigurationPlatforms) = preSolution
		Debug|Any CPU = Debug|Any CPU
		Release|Any CPU = Release|Any CPU
	EndGlobalSection
	GlobalSection(ProjectConfigurationPlatforms) = postSolution
		{D003CB10-2537-4C0F-BCB2-58A226C6EB42}.Debug|Any CPU.ActiveCfg = Debug|Any CPU
		{D003CB10-2537-4C0F-BCB2-58A226C6EB42}.Debug|Any CPU.Build.0 = Debug|Any CPU
		{D003CB10-2537-4C0F-BCB2-58A226C6EB42}.Release|Any CPU.ActiveCfg = Release|Any CPU
		{D003CB10-2537-4C0F-BCB2-58A226C6EB42}.Release|Any CPU.Build.0 = Release|Any CPU
		{86327A7D-3D9C-4F67-B8C4-B949BB866388}.Debug|Any CPU.ActiveCfg = Debug|Any CPU
		{86327A7D-3D9C-4F67-B8C4-B949BB866388}.Debug|Any CPU.Build.0 = Debug|Any CPU
		{86327A7D-3D9C-4F67-B8C4-B949BB866388}.Release|Any CPU.ActiveCfg = Release|Any CPU
		{86327A7D-3D9C-4F67-B8C4-B949BB866388}.Release|Any CPU.Build.0 = Release|Any CPU
	EndGlobalSection
EndGlobal
